{
  "pins" : [
    {
      "identity" : "filesugar",
      "kind" : "remoteSourceControl",
      "location" : "https://github.com/eonist/FileSugar.git",
      "state" : {
        "branch" : "master",
        "revision" : "4e26b7124dce0d873678ee61546bce04f246353a"
      }
    },
    {
      "identity" : "logger",
      "kind" : "remoteSourceControl",
      "location" : "https://github.com/sentryco/Logger.git",
      "state" : {
        "branch" : "main",
        "revision" : "43b17e4f686c7ba44ceeacc4a92529571cdb246b"
      }
    }
  ],
  "version" : 2
}
